
Microsoft Visual Studio Solution File, Format Version 12.00
Project("{FAE04EC0-301F-11D3-BF4B-00C04F79EFBC}") = "OneWorld", "OneWorld.csproj", "{24BE2B5A-DE69-4A30-AE2B-8E87FE34B6FA}"
EndProject
Global
	GlobalSection(SolutionConfigurationPlatforms) = preSolution
		Debug|Any CPU = Debug|Any CPU
		Release|Any CPU = Release|Any CPU
	EndGlobalSection
	GlobalSection(ProjectConfigurationPlatforms) = postSolution
		{24BE2B5A-DE69-4A30-AE2B-8E87FE34B6FA}.Debug|Any CPU.ActiveCfg = Debug|Any CPU
		{24BE2B5A-DE69-4A30-AE2B-8E87FE34B6FA}.Debug|Any CPU.Build.0 = Debug|Any CPU
		{24BE2B5A-DE69-4A30-AE2B-8E87FE34B6FA}.Release|Any CPU.ActiveCfg = Release|Any CPU
		{24BE2B5A-DE69-4A30-AE2B-8E87FE34B6FA}.Release|Any CPU.Build.0 = Release|Any CPU
	EndGlobalSection
EndGlobal
